{
  "lockfileVersion": 1,
  "workspaces": {
    "": {
      "name": "effect-xstate",
      "dependencies": {
        "effect": "^3.13.1",
        "xstate": "^5.19.2",
      },
      "devDependencies": {
        "@types/bun": "^1.2.2",
        "dprint": "^0.49.0",
      },
      "peerDependencies": {
        "typescript": "^5.7.3",
      },
    },
  },
  "packages": {
    "@dprint/darwin-arm64": ["@dprint/darwin-arm64@0.49.0", "", { "os": "darwin", "cpu": "arm64" }, "sha512-b8fwjdfYrX5H+QyeWiB27gPc1GMVdd2LorCtsZWC+MDQO6NOgpuxJePqccbQlFUumy2rfmQuLQprnldvQZhceg=="],

    "@dprint/darwin-x64": ["@dprint/darwin-x64@0.49.0", "", { "os": "darwin", "cpu": "x64" }, "sha512-cA/DIPlHClkufLufuIfcXHtZdlyP9U05RuJLvvAfHwJAxyeEC/chKYVc5BVz86RxMIq6czFGpJHoFtTjrfM3YA=="],

    "@dprint/linux-arm64-glibc": ["@dprint/linux-arm64-glibc@0.49.0", "", { "os": "linux", "cpu": "arm64" }, "sha512-UBo3lDJhotT+qza2S48DOPI64MirkJMoFDidh/TJBjokio2TcGd+QUzuB9O7J1+R3AlbwyObcTECjJryCNohHQ=="],

    "@dprint/linux-arm64-musl": ["@dprint/linux-arm64-musl@0.49.0", "", { "os": "linux", "cpu": "arm64" }, "sha512-XWAPL6Hp+zqk9bi57450wuy4yz4fvT72L3Zji3X7ChL5KD/apMUzQnZhmTpln2sxwIgJ3nCbzEzlF7jhhp/7KA=="],

    "@dprint/linux-riscv64-glibc": ["@dprint/linux-riscv64-glibc@0.49.0", "", { "os": "linux", "cpu": "none" }, "sha512-6GlGcauMeMbCCJ15OmAMkarouCifij9hb12Vz5UUZPevnutVoWRTQBPQLfllmd+9Znsp23fHnmzmykibdwj4Gw=="],

    "@dprint/linux-x64-glibc": ["@dprint/linux-x64-glibc@0.49.0", "", { "os": "linux", "cpu": "x64" }, "sha512-PJUM1G8L2xwF9R1s4/J6kf29S2sJ/sZGy3ah7g5Uj+oYkZq6SlMOrx3xqCXEkKSa0T6Xuc1bUBcJyrjEf36xiw=="],

    "@dprint/linux-x64-musl": ["@dprint/linux-x64-musl@0.49.0", "", { "os": "linux", "cpu": "x64" }, "sha512-+WIInBwbCXYmWZcYYmnD8HdcZj6q8ewy6mPpHH6SDMtWr6nrxzyIVLFr72XeiBoHnVsQFUhN+wv5Bm5NnpJtRw=="],

    "@dprint/win32-arm64": ["@dprint/win32-arm64@0.49.0", "", { "os": "win32", "cpu": "arm64" }, "sha512-AteygrhmT7OXIgE/72REUfTPs/+qU0I1vhU379AYXgcWzOKy6Eeyi8lAt17oF7OmGT4IuyrKEDjpdTxhOWLsQw=="],

    "@dprint/win32-x64": ["@dprint/win32-x64@0.49.0", "", { "os": "win32", "cpu": "x64" }, "sha512-8bE6P9T/32Gd+zMAkcwvUHzOLEMnbHEMgsgiKypYsdFTskpDz+y1GLJvMaxIFd2DB2tMx9TdBYuBQrJroTsMeQ=="],

    "@standard-schema/spec": ["@standard-schema/spec@1.0.0", "", {}, "sha512-m2bOd0f2RT9k8QJx1JN85cZYyH1RqFBdlwtkSlf4tBDYLCiiZnv1fIIwacK6cqwXavOydf0NPToMQgpKq+dVlA=="],

    "@types/bun": ["@types/bun@1.2.2", "", { "dependencies": { "bun-types": "1.2.2" } }, "sha512-tr74gdku+AEDN5ergNiBnplr7hpDp3V1h7fqI2GcR/rsUaM39jpSeKH0TFibRvU0KwniRx5POgaYnaXbk0hU+w=="],

    "@types/node": ["@types/node@22.13.4", "", { "dependencies": { "undici-types": "~6.20.0" } }, "sha512-ywP2X0DYtX3y08eFVx5fNIw7/uIv8hYUKgXoK8oayJlLnKcRfEYCxWMVE1XagUdVtCJlZT1AU4LXEABW+L1Peg=="],

    "@types/ws": ["@types/ws@8.5.14", "", { "dependencies": { "@types/node": "*" } }, "sha512-bd/YFLW+URhBzMXurx7lWByOu+xzU9+kb3RboOteXYDfW+tr+JZa99OyNmPINEGB/ahzKrEuc8rcv4gnpJmxTw=="],

    "bun-types": ["bun-types@1.2.2", "", { "dependencies": { "@types/node": "*", "@types/ws": "~8.5.10" } }, "sha512-RCbMH5elr9gjgDGDhkTTugA21XtJAy/9jkKe/G3WR2q17VPGhcquf9Sir6uay9iW+7P/BV0CAHA1XlHXMAVKHg=="],

    "dprint": ["dprint@0.49.0", "", { "optionalDependencies": { "@dprint/darwin-arm64": "0.49.0", "@dprint/darwin-x64": "0.49.0", "@dprint/linux-arm64-glibc": "0.49.0", "@dprint/linux-arm64-musl": "0.49.0", "@dprint/linux-riscv64-glibc": "0.49.0", "@dprint/linux-x64-glibc": "0.49.0", "@dprint/linux-x64-musl": "0.49.0", "@dprint/win32-arm64": "0.49.0", "@dprint/win32-x64": "0.49.0" }, "bin": { "dprint": "bin.js" } }, "sha512-xtBPZbPKWOOJH5al4h6rgzsGHuXpyK7TFJCQ5/TW8Z4zkcB9dfmPAh14/Yp5YZcB798D0liztXw+Nd7suzdzBQ=="],

    "effect": ["effect@3.13.1", "", { "dependencies": { "@standard-schema/spec": "^1.0.0", "fast-check": "^3.23.1" } }, "sha512-YbA45m51eZapqy/ptZvIIZi+XBj13fPCzbiDRLgxZTEUhKuf4xLzuuSsKc61Y3SIscMM2o+VPht2ty+bVEQHQQ=="],

    "fast-check": ["fast-check@3.23.2", "", { "dependencies": { "pure-rand": "^6.1.0" } }, "sha512-h5+1OzzfCC3Ef7VbtKdcv7zsstUQwUDlYpUTvjeUsJAssPgLn7QzbboPtL5ro04Mq0rPOsMzl7q5hIbRs2wD1A=="],

    "pure-rand": ["pure-rand@6.1.0", "", {}, "sha512-bVWawvoZoBYpp6yIoQtQXHZjmz35RSVHnUOTefl8Vcjr8snTPY1wnpSPMWekcFwbxI6gtmT7rSYPFvz71ldiOA=="],

    "typescript": ["typescript@5.7.3", "", { "bin": { "tsc": "bin/tsc", "tsserver": "bin/tsserver" } }, "sha512-84MVSjMEHP+FQRPy3pX9sTVV/INIex71s9TL2Gm5FG/WG1SqXeKyZ0k7/blY/4FdOzI12CBy1vGc4og/eus0fw=="],

    "undici-types": ["undici-types@6.20.0", "", {}, "sha512-Ny6QZ2Nju20vw1SRHe3d9jVu6gJ+4e3+MMpqu7pqE5HT6WsTSlce++GQmK5UXS8mzV8DSYHrQH+Xrf2jVcuKNg=="],

    "xstate": ["xstate@5.19.2", "", {}, "sha512-B8fL2aP0ogn5aviAXFzI5oZseAMqN00fg/TeDa3ZtatyDcViYLIfuQl4y8qmHCiKZgGEzmnTyNtNQL9oeJE2gw=="],
  }
}
